// !$*UTF8*$!
{
	archiveVersion = 1;
	classes = {
	};
	objectVersion = 46;
	objects = {

/* Begin PBXBuildFile section */
		FAAE15C919C266F500280D1A /* Foundation.framework in Frameworks */ = {isa = PBXBuildFile; fileRef = FAAE15C819C266F500280D1A /* Foundation.framework */; };
		FAAE15CB19C266F500280D1A /* CoreGraphics.framework in Frameworks */ = {isa = PBXBuildFile; fileRef = FAAE15CA19C266F500280D1A /* CoreGraphics.framework */; };
		FAAE15CD19C266F500280D1A /* UIKit.framework in Frameworks */ = {isa = PBXBuildFile; fileRef = FAAE15CC19C266F500280D1A /* UIKit.framework */; };
		FAAE15D319C266F500280D1A /* InfoPlist.strings in Resources */ = {isa = PBXBuildFile; fileRef = FAAE15D119C266F500280D1A /* InfoPlist.strings */; };
		FAAE15D519C266F500280D1A /* main.m in Sources */ = {isa = PBXBuildFile; fileRef = FAAE15D419C266F500280D1A /* main.m */; };
		FAAE15D919C266F500280D1A /* AKBAppDelegate.m in Sources */ = {isa = PBXBuildFile; fileRef = FAAE15D819C266F500280D1A /* AKBAppDelegate.m */; };
		FAAE15DB19C266F500280D1A /* Images.xcassets in Resources */ = {isa = PBXBuildFile; fileRef = FAAE15DA19C266F500280D1A /* Images.xcassets */; };
		FAAE15E219C266F500280D1A /* XCTest.framework in Frameworks */ = {isa = PBXBuildFile; fileRef = FAAE15E119C266F500280D1A /* XCTest.framework */; };
		FAAE15E319C266F500280D1A /* Foundation.framework in Frameworks */ = {isa = PBXBuildFile; fileRef = FAAE15C819C266F500280D1A /* Foundation.framework */; };
		FAAE15E419C266F500280D1A /* UIKit.framework in Frameworks */ = {isa = PBXBuildFile; fileRef = FAAE15CC19C266F500280D1A /* UIKit.framework */; };
		FAAE15EC19C266F500280D1A /* InfoPlist.strings in Resources */ = {isa = PBXBuildFile; fileRef = FAAE15EA19C266F500280D1A /* InfoPlist.strings */; };
		FAAE15EE19C266F500280D1A /* BadgesTests.m in Sources */ = {isa = PBXBuildFile; fileRef = FAAE15ED19C266F500280D1A /* BadgesTests.m */; };
		FAAE160119C267B700280D1A /* AKBRootViewController.m in Sources */ = {isa = PBXBuildFile; fileRef = FAAE15F819C267B700280D1A /* AKBRootViewController.m */; };
		FAAE160219C267B700280D1A /* AKBBadgeDetailsViewController.m in Sources */ = {isa = PBXBuildFile; fileRef = FAAE15FA19C267B700280D1A /* AKBBadgeDetailsViewController.m */; };
		FAAE160319C267B700280D1A /* AKBGraphViewController.m in Sources */ = {isa = PBXBuildFile; fileRef = FAAE15FC19C267B700280D1A /* AKBGraphViewController.m */; };
		FAAE160419C267B700280D1A /* AKBBarGraphChildController.m in Sources */ = {isa = PBXBuildFile; fileRef = FAAE15FE19C267B700280D1A /* AKBBarGraphChildController.m */; };
		FAAE160519C267B700280D1A /* AKBScatterGraphChildController.m in Sources */ = {isa = PBXBuildFile; fileRef = FAAE160019C267B700280D1A /* AKBScatterGraphChildController.m */; };
		FAAE161319C267F900280D1A /* AKBHorizontalScroller.m in Sources */ = {isa = PBXBuildFile; fileRef = FAAE160819C267F900280D1A /* AKBHorizontalScroller.m */; };
		FAAE161419C267F900280D1A /* AKBContainerView.m in Sources */ = {isa = PBXBuildFile; fileRef = FAAE160A19C267F900280D1A /* AKBContainerView.m */; };
		FAAE161519C267F900280D1A /* AKBBadgeView.m in Sources */ = {isa = PBXBuildFile; fileRef = FAAE160C19C267F900280D1A /* AKBBadgeView.m */; };
		FAAE161619C267F900280D1A /* AKBChainView.m in Sources */ = {isa = PBXBuildFile; fileRef = FAAE160E19C267F900280D1A /* AKBChainView.m */; };
		FAAE161719C267F900280D1A /* AKBActiveDayControl.m in Sources */ = {isa = PBXBuildFile; fileRef = FAAE161019C267F900280D1A /* AKBActiveDayControl.m */; };
		FAAE161819C267F900280D1A /* AKBBackgroundView.m in Sources */ = {isa = PBXBuildFile; fileRef = FAAE161219C267F900280D1A /* AKBBackgroundView.m */; };
		FAAE162119C2684700280D1A /* AKBDataManager.m in Sources */ = {isa = PBXBuildFile; fileRef = FAAE161C19C2684700280D1A /* AKBDataManager.m */; };
		FAAE162219C2684700280D1A /* AKBBadge.m in Sources */ = {isa = PBXBuildFile; fileRef = FAAE161E19C2684700280D1A /* AKBBadge.m */; };
		FAAE162319C2684700280D1A /* AKBDay.m in Sources */ = {isa = PBXBuildFile; fileRef = FAAE162019C2684700280D1A /* AKBDay.m */; };
		FAAE162519C268EF00280D1A /* libCorePlot-CocoaTouch.a in Frameworks */ = {isa = PBXBuildFile; fileRef = FAAE162419C268EF00280D1A /* libCorePlot-CocoaTouch.a */; };
		FAAE167619C269E700280D1A /* QuartzCore.framework in Frameworks */ = {isa = PBXBuildFile; fileRef = FAAE167519C269E700280D1A /* QuartzCore.framework */; };
		FAAE167819C26A0900280D1A /* Accelerate.framework in Frameworks */ = {isa = PBXBuildFile; fileRef = FAAE167719C26A0900280D1A /* Accelerate.framework */; };
/* End PBXBuildFile section */

/* Begin PBXContainerItemProxy section */
		FAAE15E519C266F500280D1A /* PBXContainerItemProxy */ = {
			isa = PBXContainerItemProxy;
			containerPortal = FAAE15BD19C266F500280D1A /* Project object */;
			proxyType = 1;
			remoteGlobalIDString = FAAE15C419C266F500280D1A;
			remoteInfo = Badges;
		};
/* End PBXContainerItemProxy section */

/* Begin PBXFileReference section */
		FA812B7919C271CB007E8AFC /* CorePlot-CocoaTouch.h */ = {isa = PBXFileReference; fileEncoding = 4; lastKnownFileType = sourcecode.c.h; path = "CorePlot-CocoaTouch.h"; sourceTree = "<group>"; };
		FA812B7A19C271CB007E8AFC /* CPTAnimation.h */ = {isa = PBXFileReference; fileEncoding = 4; lastKnownFileType = sourcecode.c.h; path = CPTAnimation.h; sourceTree = "<group>"; };
		FA812B7B19C271CB007E8AFC /* CPTAnimationOperation.h */ = {isa = PBXFileReference; fileEncoding = 4; lastKnownFileType = sourcecode.c.h; path = CPTAnimationOperation.h; sourceTree = "<group>"; };
		FA812B7C19C271CB007E8AFC /* CPTAnimationPeriod.h */ = {isa = PBXFileReference; fileEncoding = 4; lastKnownFileType = sourcecode.c.h; path = CPTAnimationPeriod.h; sourceTree = "<group>"; };
		FA812B7D19C271CB007E8AFC /* CPTAnnotation.h */ = {isa = PBXFileReference; fileEncoding = 4; lastKnownFileType = sourcecode.c.h; path = CPTAnnotation.h; sourceTree = "<group>"; };
		FA812B7E19C271CB007E8AFC /* CPTAnnotationHostLayer.h */ = {isa = PBXFileReference; fileEncoding = 4; lastKnownFileType = sourcecode.c.h; path = CPTAnnotationHostLayer.h; sourceTree = "<group>"; };
		FA812B7F19C271CB007E8AFC /* CPTAxis.h */ = {isa = PBXFileReference; fileEncoding = 4; lastKnownFileType = sourcecode.c.h; path = CPTAxis.h; sourceTree = "<group>"; };
		FA812B8019C271CB007E8AFC /* CPTAxisLabel.h */ = {isa = PBXFileReference; fileEncoding = 4; lastKnownFileType = sourcecode.c.h; path = CPTAxisLabel.h; sourceTree = "<group>"; };
		FA812B8119C271CB007E8AFC /* CPTAxisLabelGroup.h */ = {isa = PBXFileReference; fileEncoding = 4; lastKnownFileType = sourcecode.c.h; path = CPTAxisLabelGroup.h; sourceTree = "<group>"; };
		FA812B8219C271CB007E8AFC /* CPTAxisSet.h */ = {isa = PBXFileReference; fileEncoding = 4; lastKnownFileType = sourcecode.c.h; path = CPTAxisSet.h; sourceTree = "<group>"; };
		FA812B8319C271CB007E8AFC /* CPTAxisTitle.h */ = {isa = PBXFileReference; fileEncoding = 4; lastKnownFileType = sourcecode.c.h; path = CPTAxisTitle.h; sourceTree = "<group>"; };
		FA812B8419C271CB007E8AFC /* CPTBarPlot.h */ = {isa = PBXFileReference; fileEncoding = 4; lastKnownFileType = sourcecode.c.h; path = CPTBarPlot.h; sourceTree = "<group>"; };
		FA812B8519C271CB007E8AFC /* CPTBorderedLayer.h */ = {isa = PBXFileReference; fileEncoding = 4; lastKnownFileType = sourcecode.c.h; path = CPTBorderedLayer.h; sourceTree = "<group>"; };
		FA812B8619C271CB007E8AFC /* CPTCalendarFormatter.h */ = {isa = PBXFileReference; fileEncoding = 4; lastKnownFileType = sourcecode.c.h; path = CPTCalendarFormatter.h; sourceTree = "<group>"; };
		FA812B8719C271CB007E8AFC /* CPTColor.h */ = {isa = PBXFileReference; fileEncoding = 4; lastKnownFileType = sourcecode.c.h; path = CPTColor.h; sourceTree = "<group>"; };
		FA812B8819C271CB007E8AFC /* CPTColorSpace.h */ = {isa = PBXFileReference; fileEncoding = 4; lastKnownFileType = sourcecode.c.h; path = CPTColorSpace.h; sourceTree = "<group>"; };
		FA812B8919C271CB007E8AFC /* CPTConstraints.h */ = {isa = PBXFileReference; fileEncoding = 4; lastKnownFileType = sourcecode.c.h; path = CPTConstraints.h; sourceTree = "<group>"; };
		FA812B8A19C271CB007E8AFC /* CPTDataSourceTestCase.h */ = {isa = PBXFileReference; fileEncoding = 4; lastKnownFileType = sourcecode.c.h; path = CPTDataSourceTestCase.h; sourceTree = "<group>"; };
		FA812B8B19C271CB007E8AFC /* CPTDefinitions.h */ = {isa = PBXFileReference; fileEncoding = 4; lastKnownFileType = sourcecode.c.h; path = CPTDefinitions.h; sourceTree = "<group>"; };
		FA812B8C19C271CB007E8AFC /* CPTDerivedXYGraph.h */ = {isa = PBXFileReference; fileEncoding = 4; lastKnownFileType = sourcecode.c.h; path = CPTDerivedXYGraph.h; sourceTree = "<group>"; };
		FA812B8D19C271CB007E8AFC /* CPTExceptions.h */ = {isa = PBXFileReference; fileEncoding = 4; lastKnownFileType = sourcecode.c.h; path = CPTExceptions.h; sourceTree = "<group>"; };
		FA812B8E19C271CB007E8AFC /* CPTFill.h */ = {isa = PBXFileReference; fileEncoding = 4; lastKnownFileType = sourcecode.c.h; path = CPTFill.h; sourceTree = "<group>"; };
		FA812B8F19C271CB007E8AFC /* CPTFunctionDataSource.h */ = {isa = PBXFileReference; fileEncoding = 4; lastKnownFileType = sourcecode.c.h; path = CPTFunctionDataSource.h; sourceTree = "<group>"; };
		FA812B9019C271CB007E8AFC /* CPTGradient.h */ = {isa = PBXFileReference; fileEncoding = 4; lastKnownFileType = sourcecode.c.h; path = CPTGradient.h; sourceTree = "<group>"; };
		FA812B9119C271CB007E8AFC /* CPTGraph.h */ = {isa = PBXFileReference; fileEncoding = 4; lastKnownFileType = sourcecode.c.h; path = CPTGraph.h; sourceTree = "<group>"; };
		FA812B9219C271CB007E8AFC /* CPTGraphHostingView.h */ = {isa = PBXFileReference; fileEncoding = 4; lastKnownFileType = sourcecode.c.h; path = CPTGraphHostingView.h; sourceTree = "<group>"; };
		FA812B9319C271CB007E8AFC /* CPTGridLineGroup.h */ = {isa = PBXFileReference; fileEncoding = 4; lastKnownFileType = sourcecode.c.h; path = CPTGridLineGroup.h; sourceTree = "<group>"; };
		FA812B9419C271CB007E8AFC /* CPTGridLines.h */ = {isa = PBXFileReference; fileEncoding = 4; lastKnownFileType = sourcecode.c.h; path = CPTGridLines.h; sourceTree = "<group>"; };
		FA812B9519C271CB007E8AFC /* CPTImage.h */ = {isa = PBXFileReference; fileEncoding = 4; lastKnownFileType = sourcecode.c.h; path = CPTImage.h; sourceTree = "<group>"; };
		FA812B9619C271CB007E8AFC /* CPTLayer.h */ = {isa = PBXFileReference; fileEncoding = 4; lastKnownFileType = sourcecode.c.h; path = CPTLayer.h; sourceTree = "<group>"; };
		FA812B9719C271CB007E8AFC /* CPTLayerAnnotation.h */ = {isa = PBXFileReference; fileEncoding = 4; lastKnownFileType = sourcecode.c.h; path = CPTLayerAnnotation.h; sourceTree = "<group>"; };
		FA812B9819C271CB007E8AFC /* CPTLegend.h */ = {isa = PBXFileReference; fileEncoding = 4; lastKnownFileType = sourcecode.c.h; path = CPTLegend.h; sourceTree = "<group>"; };
		FA812B9919C271CB007E8AFC /* CPTLegendEntry.h */ = {isa = PBXFileReference; fileEncoding = 4; lastKnownFileType = sourcecode.c.h; path = CPTLegendEntry.h; sourceTree = "<group>"; };
		FA812B9A19C271CB007E8AFC /* CPTLimitBand.h */ = {isa = PBXFileReference; fileEncoding = 4; lastKnownFileType = sourcecode.c.h; path = CPTLimitBand.h; sourceTree = "<group>"; };
		FA812B9B19C271CB007E8AFC /* CPTLineCap.h */ = {isa = PBXFileReference; fileEncoding = 4; lastKnownFileType = sourcecode.c.h; path = CPTLineCap.h; sourceTree = "<group>"; };
		FA812B9C19C271CB007E8AFC /* CPTLineStyle.h */ = {isa = PBXFileReference; fileEncoding = 4; lastKnownFileType = sourcecode.c.h; path = CPTLineStyle.h; sourceTree = "<group>"; };
		FA812B9D19C271CB007E8AFC /* CPTMutableLineStyle.h */ = {isa = PBXFileReference; fileEncoding = 4; lastKnownFileType = sourcecode.c.h; path = CPTMutableLineStyle.h; sourceTree = "<group>"; };
		FA812B9E19C271CB007E8AFC /* CPTMutableNumericData+TypeConversion.h */ = {isa = PBXFileReference; fileEncoding = 4; lastKnownFileType = sourcecode.c.h; path = "CPTMutableNumericData+TypeConversion.h"; sourceTree = "<group>"; };
		FA812B9F19C271CB007E8AFC /* CPTMutableNumericData.h */ = {isa = PBXFileReference; fileEncoding = 4; lastKnownFileType = sourcecode.c.h; path = CPTMutableNumericData.h; sourceTree = "<group>"; };
		FA812BA019C271CB007E8AFC /* CPTMutablePlotRange.h */ = {isa = PBXFileReference; fileEncoding = 4; lastKnownFileType = sourcecode.c.h; path = CPTMutablePlotRange.h; sourceTree = "<group>"; };
		FA812BA119C271CB007E8AFC /* CPTMutableShadow.h */ = {isa = PBXFileReference; fileEncoding = 4; lastKnownFileType = sourcecode.c.h; path = CPTMutableShadow.h; sourceTree = "<group>"; };
		FA812BA219C271CB007E8AFC /* CPTMutableTextStyle.h */ = {isa = PBXFileReference; fileEncoding = 4; lastKnownFileType = sourcecode.c.h; path = CPTMutableTextStyle.h; sourceTree = "<group>"; };
		FA812BA319C271CB007E8AFC /* CPTNumericData+TypeConversion.h */ = {isa = PBXFileReference; fileEncoding = 4; lastKnownFileType = sourcecode.c.h; path = "CPTNumericData+TypeConversion.h"; sourceTree = "<group>"; };
		FA812BA419C271CB007E8AFC /* CPTNumericData.h */ = {isa = PBXFileReference; fileEncoding = 4; lastKnownFileType = sourcecode.c.h; path = CPTNumericData.h; sourceTree = "<group>"; };
		FA812BA519C271CB007E8AFC /* CPTNumericDataType.h */ = {isa = PBXFileReference; fileEncoding = 4; lastKnownFileType = sourcecode.c.h; path = CPTNumericDataType.h; sourceTree = "<group>"; };
		FA812BA619C271CB007E8AFC /* CPTPathExtensions.h */ = {isa = PBXFileReference; fileEncoding = 4; lastKnownFileType = sourcecode.c.h; path = CPTPathExtensions.h; sourceTree = "<group>"; };
		FA812BA719C271CB007E8AFC /* CPTPieChart.h */ = {isa = PBXFileReference; fileEncoding = 4; lastKnownFileType = sourcecode.c.h; path = CPTPieChart.h; sourceTree = "<group>"; };
		FA812BA819C271CB007E8AFC /* CPTPlatformSpecificCategories.h */ = {isa = PBXFileReference; fileEncoding = 4; lastKnownFileType = sourcecode.c.h; path = CPTPlatformSpecificCategories.h; sourceTree = "<group>"; };
		FA812BA919C271CB007E8AFC /* CPTPlatformSpecificDefines.h */ = {isa = PBXFileReference; fileEncoding = 4; lastKnownFileType = sourcecode.c.h; path = CPTPlatformSpecificDefines.h; sourceTree = "<group>"; };
		FA812BAA19C271CB007E8AFC /* CPTPlatformSpecificFunctions.h */ = {isa = PBXFileReference; fileEncoding = 4; lastKnownFileType = sourcecode.c.h; path = CPTPlatformSpecificFunctions.h; sourceTree = "<group>"; };
		FA812BAB19C271CB007E8AFC /* CPTPlot.h */ = {isa = PBXFileReference; fileEncoding = 4; lastKnownFileType = sourcecode.c.h; path = CPTPlot.h; sourceTree = "<group>"; };
		FA812BAC19C271CB007E8AFC /* CPTPlotArea.h */ = {isa = PBXFileReference; fileEncoding = 4; lastKnownFileType = sourcecode.c.h; path = CPTPlotArea.h; sourceTree = "<group>"; };
		FA812BAD19C271CB007E8AFC /* CPTPlotAreaFrame.h */ = {isa = PBXFileReference; fileEncoding = 4; lastKnownFileType = sourcecode.c.h; path = CPTPlotAreaFrame.h; sourceTree = "<group>"; };
		FA812BAE19C271CB007E8AFC /* CPTPlotGroup.h */ = {isa = PBXFileReference; fileEncoding = 4; lastKnownFileType = sourcecode.c.h; path = CPTPlotGroup.h; sourceTree = "<group>"; };
		FA812BAF19C271CB007E8AFC /* CPTPlotRange.h */ = {isa = PBXFileReference; fileEncoding = 4; lastKnownFileType = sourcecode.c.h; path = CPTPlotRange.h; sourceTree = "<group>"; };
		FA812BB019C271CB007E8AFC /* CPTPlotSpace.h */ = {isa = PBXFileReference; fileEncoding = 4; lastKnownFileType = sourcecode.c.h; path = CPTPlotSpace.h; sourceTree = "<group>"; };
		FA812BB119C271CB007E8AFC /* CPTPlotSpaceAnnotation.h */ = {isa = PBXFileReference; fileEncoding = 4; lastKnownFileType = sourcecode.c.h; path = CPTPlotSpaceAnnotation.h; sourceTree = "<group>"; };
		FA812BB219C271CB007E8AFC /* CPTPlotSymbol.h */ = {isa = PBXFileReference; fileEncoding = 4; lastKnownFileType = sourcecode.c.h; path = CPTPlotSymbol.h; sourceTree = "<group>"; };
		FA812BB319C271CB007E8AFC /* CPTRangePlot.h */ = {isa = PBXFileReference; fileEncoding = 4; lastKnownFileType = sourcecode.c.h; path = CPTRangePlot.h; sourceTree = "<group>"; };
		FA812BB419C271CB007E8AFC /* CPTResponder.h */ = {isa = PBXFileReference; fileEncoding = 4; lastKnownFileType = sourcecode.c.h; path = CPTResponder.h; sourceTree = "<group>"; };
		FA812BB519C271CB007E8AFC /* CPTScatterPlot.h */ = {isa = PBXFileReference; fileEncoding = 4; lastKnownFileType = sourcecode.c.h; path = CPTScatterPlot.h; sourceTree = "<group>"; };
		FA812BB619C271CB007E8AFC /* CPTShadow.h */ = {isa = PBXFileReference; fileEncoding = 4; lastKnownFileType = sourcecode.c.h; path = CPTShadow.h; sourceTree = "<group>"; };
		FA812BB719C271CB007E8AFC /* CPTTestCase.h */ = {isa = PBXFileReference; fileEncoding = 4; lastKnownFileType = sourcecode.c.h; path = CPTTestCase.h; sourceTree = "<group>"; };
		FA812BB819C271CB007E8AFC /* CPTTextLayer.h */ = {isa = PBXFileReference; fileEncoding = 4; lastKnownFileType = sourcecode.c.h; path = CPTTextLayer.h; sourceTree = "<group>"; };
		FA812BB919C271CB007E8AFC /* CPTTextStyle.h */ = {isa = PBXFileReference; fileEncoding = 4; lastKnownFileType = sourcecode.c.h; path = CPTTextStyle.h; sourceTree = "<group>"; };
		FA812BBA19C271CB007E8AFC /* CPTTextStylePlatformSpecific.h */ = {isa = PBXFileReference; fileEncoding = 4; lastKnownFileType = sourcecode.c.h; path = CPTTextStylePlatformSpecific.h; sourceTree = "<group>"; };
		FA812BBB19C271CB007E8AFC /* CPTTheme.h */ = {isa = PBXFileReference; fileEncoding = 4; lastKnownFileType = sourcecode.c.h; path = CPTTheme.h; sourceTree = "<group>"; };
		FA812BBC19C271CB007E8AFC /* CPTTimeFormatter.h */ = {isa = PBXFileReference; fileEncoding = 4; lastKnownFileType = sourcecode.c.h; path = CPTTimeFormatter.h; sourceTree = "<group>"; };
		FA812BBD19C271CB007E8AFC /* CPTTradingRangePlot.h */ = {isa = PBXFileReference; fileEncoding = 4; lastKnownFileType = sourcecode.c.h; path = CPTTradingRangePlot.h; sourceTree = "<group>"; };
		FA812BBE19C271CB007E8AFC /* CPTUtilities.h */ = {isa = PBXFileReference; fileEncoding = 4; lastKnownFileType = sourcecode.c.h; path = CPTUtilities.h; sourceTree = "<group>"; };
		FA812BBF19C271CB007E8AFC /* CPTXYAxis.h */ = {isa = PBXFileReference; fileEncoding = 4; lastKnownFileType = sourcecode.c.h; path = CPTXYAxis.h; sourceTree = "<group>"; };
		FA812BC019C271CB007E8AFC /* CPTXYAxisSet.h */ = {isa = PBXFileReference; fileEncoding = 4; lastKnownFileType = sourcecode.c.h; path = CPTXYAxisSet.h; sourceTree = "<group>"; };
		FA812BC119C271CB007E8AFC /* CPTXYGraph.h */ = {isa = PBXFileReference; fileEncoding = 4; lastKnownFileType = sourcecode.c.h; path = CPTXYGraph.h; sourceTree = "<group>"; };
		FA812BC219C271CB007E8AFC /* CPTXYPlotSpace.h */ = {isa = PBXFileReference; fileEncoding = 4; lastKnownFileType = sourcecode.c.h; path = CPTXYPlotSpace.h; sourceTree = "<group>"; };
		FA812BC319C271CB007E8AFC /* mainpage.h */ = {isa = PBXFileReference; fileEncoding = 4; lastKnownFileType = sourcecode.c.h; path = mainpage.h; sourceTree = "<group>"; };
		FA812BC419C271CB007E8AFC /* NSCoderExtensions.h */ = {isa = PBXFileReference; fileEncoding = 4; lastKnownFileType = sourcecode.c.h; path = NSCoderExtensions.h; sourceTree = "<group>"; };
		FA812BC519C271CB007E8AFC /* NSDecimalNumberExtensions.h */ = {isa = PBXFileReference; fileEncoding = 4; lastKnownFileType = sourcecode.c.h; path = NSDecimalNumberExtensions.h; sourceTree = "<group>"; };
		FA812BC619C271CB007E8AFC /* NSNumberExtensions.h */ = {isa = PBXFileReference; fileEncoding = 4; lastKnownFileType = sourcecode.c.h; path = NSNumberExtensions.h; sourceTree = "<group>"; };
		FAAE15C519C266F500280D1A /* Badges.app */ = {isa = PBXFileReference; explicitFileType = wrapper.application; includeInIndex = 0; path = Badges.app; sourceTree = BUILT_PRODUCTS_DIR; };
		FAAE15C819C266F500280D1A /* Foundation.framework */ = {isa = PBXFileReference; lastKnownFileType = wrapper.framework; name = Foundation.framework; path = System/Library/Frameworks/Foundation.framework; sourceTree = SDKROOT; };
		FAAE15CA19C266F500280D1A /* CoreGraphics.framework */ = {isa = PBXFileReference; lastKnownFileType = wrapper.framework; name = CoreGraphics.framework; path = System/Library/Frameworks/CoreGraphics.framework; sourceTree = SDKROOT; };
		FAAE15CC19C266F500280D1A /* UIKit.framework */ = {isa = PBXFileReference; lastKnownFileType = wrapper.framework; name = UIKit.framework; path = System/Library/Frameworks/UIKit.framework; sourceTree = SDKROOT; };
		FAAE15D019C266F500280D1A /* Badges-Info.plist */ = {isa = PBXFileReference; lastKnownFileType = text.plist.xml; path = "Badges-Info.plist"; sourceTree = "<group>"; };
		FAAE15D219C266F500280D1A /* en */ = {isa = PBXFileReference; lastKnownFileType = text.plist.strings; name = en; path = en.lproj/InfoPlist.strings; sourceTree = "<group>"; };
		FAAE15D419C266F500280D1A /* main.m */ = {isa = PBXFileReference; lastKnownFileType = sourcecode.c.objc; path = main.m; sourceTree = "<group>"; };
		FAAE15D619C266F500280D1A /* Badges-Prefix.pch */ = {isa = PBXFileReference; lastKnownFileType = sourcecode.c.h; path = "Badges-Prefix.pch"; sourceTree = "<group>"; };
		FAAE15D719C266F500280D1A /* AKBAppDelegate.h */ = {isa = PBXFileReference; lastKnownFileType = sourcecode.c.h; path = AKBAppDelegate.h; sourceTree = "<group>"; };
		FAAE15D819C266F500280D1A /* AKBAppDelegate.m */ = {isa = PBXFileReference; lastKnownFileType = sourcecode.c.objc; path = AKBAppDelegate.m; sourceTree = "<group>"; };
		FAAE15DA19C266F500280D1A /* Images.xcassets */ = {isa = PBXFileReference; lastKnownFileType = folder.assetcatalog; path = Images.xcassets; sourceTree = "<group>"; };
		FAAE15E019C266F500280D1A /* BadgesTests.xctest */ = {isa = PBXFileReference; explicitFileType = wrapper.cfbundle; includeInIndex = 0; path = BadgesTests.xctest; sourceTree = BUILT_PRODUCTS_DIR; };
		FAAE15E119C266F500280D1A /* XCTest.framework */ = {isa = PBXFileReference; lastKnownFileType = wrapper.framework; name = XCTest.framework; path = Library/Frameworks/XCTest.framework; sourceTree = DEVELOPER_DIR; };
		FAAE15E919C266F500280D1A /* BadgesTests-Info.plist */ = {isa = PBXFileReference; lastKnownFileType = text.plist.xml; path = "BadgesTests-Info.plist"; sourceTree = "<group>"; };
		FAAE15EB19C266F500280D1A /* en */ = {isa = PBXFileReference; lastKnownFileType = text.plist.strings; name = en; path = en.lproj/InfoPlist.strings; sourceTree = "<group>"; };
		FAAE15ED19C266F500280D1A /* BadgesTests.m */ = {isa = PBXFileReference; lastKnownFileType = sourcecode.c.objc; path = BadgesTests.m; sourceTree = "<group>"; };
		FAAE15F719C267B700280D1A /* AKBRootViewController.h */ = {isa = PBXFileReference; fileEncoding = 4; lastKnownFileType = sourcecode.c.h; path = AKBRootViewController.h; sourceTree = "<group>"; };
		FAAE15F819C267B700280D1A /* AKBRootViewController.m */ = {isa = PBXFileReference; fileEncoding = 4; lastKnownFileType = sourcecode.c.objc; path = AKBRootViewController.m; sourceTree = "<group>"; };
		FAAE15F919C267B700280D1A /* AKBBadgeDetailsViewController.h */ = {isa = PBXFileReference; fileEncoding = 4; lastKnownFileType = sourcecode.c.h; path = AKBBadgeDetailsViewController.h; sourceTree = "<group>"; };
		FAAE15FA19C267B700280D1A /* AKBBadgeDetailsViewController.m */ = {isa = PBXFileReference; fileEncoding = 4; lastKnownFileType = sourcecode.c.objc; path = AKBBadgeDetailsViewController.m; sourceTree = "<group>"; };
		FAAE15FB19C267B700280D1A /* AKBGraphViewController.h */ = {isa = PBXFileReference; fileEncoding = 4; lastKnownFileType = sourcecode.c.h; path = AKBGraphViewController.h; sourceTree = "<group>"; };
		FAAE15FC19C267B700280D1A /* AKBGraphViewController.m */ = {isa = PBXFileReference; fileEncoding = 4; lastKnownFileType = sourcecode.c.objc; path = AKBGraphViewController.m; sourceTree = "<group>"; };
		FAAE15FD19C267B700280D1A /* AKBBarGraphChildController.h */ = {isa = PBXFileReference; fileEncoding = 4; lastKnownFileType = sourcecode.c.h; path = AKBBarGraphChildController.h; sourceTree = "<group>"; };
		FAAE15FE19C267B700280D1A /* AKBBarGraphChildController.m */ = {isa = PBXFileReference; fileEncoding = 4; lastKnownFileType = sourcecode.c.objc; path = AKBBarGraphChildController.m; sourceTree = "<group>"; };
		FAAE15FF19C267B700280D1A /* AKBScatterGraphChildController.h */ = {isa = PBXFileReference; fileEncoding = 4; lastKnownFileType = sourcecode.c.h; path = AKBScatterGraphChildController.h; sourceTree = "<group>"; };
		FAAE160019C267B700280D1A /* AKBScatterGraphChildController.m */ = {isa = PBXFileReference; fileEncoding = 4; lastKnownFileType = sourcecode.c.objc; path = AKBScatterGraphChildController.m; sourceTree = "<group>"; };
		FAAE160719C267F900280D1A /* AKBHorizontalScroller.h */ = {isa = PBXFileReference; fileEncoding = 4; lastKnownFileType = sourcecode.c.h; path = AKBHorizontalScroller.h; sourceTree = "<group>"; };
		FAAE160819C267F900280D1A /* AKBHorizontalScroller.m */ = {isa = PBXFileReference; fileEncoding = 4; lastKnownFileType = sourcecode.c.objc; path = AKBHorizontalScroller.m; sourceTree = "<group>"; };
		FAAE160919C267F900280D1A /* AKBContainerView.h */ = {isa = PBXFileReference; fileEncoding = 4; lastKnownFileType = sourcecode.c.h; path = AKBContainerView.h; sourceTree = "<group>"; };
		FAAE160A19C267F900280D1A /* AKBContainerView.m */ = {isa = PBXFileReference; fileEncoding = 4; lastKnownFileType = sourcecode.c.objc; path = AKBContainerView.m; sourceTree = "<group>"; };
		FAAE160B19C267F900280D1A /* AKBBadgeView.h */ = {isa = PBXFileReference; fileEncoding = 4; lastKnownFileType = sourcecode.c.h; path = AKBBadgeView.h; sourceTree = "<group>"; };
		FAAE160C19C267F900280D1A /* AKBBadgeView.m */ = {isa = PBXFileReference; fileEncoding = 4; lastKnownFileType = sourcecode.c.objc; path = AKBBadgeView.m; sourceTree = "<group>"; };
		FAAE160D19C267F900280D1A /* AKBChainView.h */ = {isa = PBXFileReference; fileEncoding = 4; lastKnownFileType = sourcecode.c.h; path = AKBChainView.h; sourceTree = "<group>"; };
		FAAE160E19C267F900280D1A /* AKBChainView.m */ = {isa = PBXFileReference; fileEncoding = 4; lastKnownFileType = sourcecode.c.objc; path = AKBChainView.m; sourceTree = "<group>"; };
		FAAE160F19C267F900280D1A /* AKBActiveDayControl.h */ = {isa = PBXFileReference; fileEncoding = 4; lastKnownFileType = sourcecode.c.h; path = AKBActiveDayControl.h; sourceTree = "<group>"; };
		FAAE161019C267F900280D1A /* AKBActiveDayControl.m */ = {isa = PBXFileReference; fileEncoding = 4; lastKnownFileType = sourcecode.c.objc; path = AKBActiveDayControl.m; sourceTree = "<group>"; };
		FAAE161119C267F900280D1A /* AKBBackgroundView.h */ = {isa = PBXFileReference; fileEncoding = 4; lastKnownFileType = sourcecode.c.h; path = AKBBackgroundView.h; sourceTree = "<group>"; };
		FAAE161219C267F900280D1A /* AKBBackgroundView.m */ = {isa = PBXFileReference; fileEncoding = 4; lastKnownFileType = sourcecode.c.objc; path = AKBBackgroundView.m; sourceTree = "<group>"; };
		FAAE161B19C2684700280D1A /* AKBDataManager.h */ = {isa = PBXFileReference; fileEncoding = 4; lastKnownFileType = sourcecode.c.h; path = AKBDataManager.h; sourceTree = "<group>"; };
		FAAE161C19C2684700280D1A /* AKBDataManager.m */ = {isa = PBXFileReference; fileEncoding = 4; lastKnownFileType = sourcecode.c.objc; path = AKBDataManager.m; sourceTree = "<group>"; };
		FAAE161D19C2684700280D1A /* AKBBadge.h */ = {isa = PBXFileReference; fileEncoding = 4; lastKnownFileType = sourcecode.c.h; path = AKBBadge.h; sourceTree = "<group>"; };
		FAAE161E19C2684700280D1A /* AKBBadge.m */ = {isa = PBXFileReference; fileEncoding = 4; lastKnownFileType = sourcecode.c.objc; path = AKBBadge.m; sourceTree = "<group>"; };
		FAAE161F19C2684700280D1A /* AKBDay.h */ = {isa = PBXFileReference; fileEncoding = 4; lastKnownFileType = sourcecode.c.h; path = AKBDay.h; sourceTree = "<group>"; };
		FAAE162019C2684700280D1A /* AKBDay.m */ = {isa = PBXFileReference; fileEncoding = 4; lastKnownFileType = sourcecode.c.objc; path = AKBDay.m; sourceTree = "<group>"; };
		FAAE162419C268EF00280D1A /* libCorePlot-CocoaTouch.a */ = {isa = PBXFileReference; lastKnownFileType = archive.ar; path = "libCorePlot-CocoaTouch.a"; sourceTree = "<group>"; };
		FAAE167519C269E700280D1A /* QuartzCore.framework */ = {isa = PBXFileReference; lastKnownFileType = wrapper.framework; name = QuartzCore.framework; path = System/Library/Frameworks/QuartzCore.framework; sourceTree = SDKROOT; };
		FAAE167719C26A0900280D1A /* Accelerate.framework */ = {isa = PBXFileReference; lastKnownFileType = wrapper.framework; name = Accelerate.framework; path = System/Library/Frameworks/Accelerate.framework; sourceTree = SDKROOT; };
/* End PBXFileReference section */

/* Begin PBXFrameworksBuildPhase section */
		FAAE15C219C266F500280D1A /* Frameworks */ = {
			isa = PBXFrameworksBuildPhase;
			buildActionMask = 2147483647;
			files = (
				FAAE167819C26A0900280D1A /* Accelerate.framework in Frameworks */,
				FAAE167619C269E700280D1A /* QuartzCore.framework in Frameworks */,
				FAAE15CB19C266F500280D1A /* CoreGraphics.framework in Frameworks */,
				FAAE15CD19C266F500280D1A /* UIKit.framework in Frameworks */,
				FAAE15C919C266F500280D1A /* Foundation.framework in Frameworks */,
				FAAE162519C268EF00280D1A /* libCorePlot-CocoaTouch.a in Frameworks */,
			);
			runOnlyForDeploymentPostprocessing = 0;
		};
		FAAE15DD19C266F500280D1A /* Frameworks */ = {
			isa = PBXFrameworksBuildPhase;
			buildActionMask = 2147483647;
			files = (
				FAAE15E219C266F500280D1A /* XCTest.framework in Frameworks */,
				FAAE15E419C266F500280D1A /* UIKit.framework in Frameworks */,
				FAAE15E319C266F500280D1A /* Foundation.framework in Frameworks */,
			);
			runOnlyForDeploymentPostprocessing = 0;
		};
/* End PBXFrameworksBuildPhase section */

/* Begin PBXGroup section */
		FA812B7819C271CB007E8AFC /* CorePlotHeaders */ = {
			isa = PBXGroup;
			children = (
				FA812B7919C271CB007E8AFC /* CorePlot-CocoaTouch.h */,
				FA812B7A19C271CB007E8AFC /* CPTAnimation.h */,
				FA812B7B19C271CB007E8AFC /* CPTAnimationOperation.h */,
				FA812B7C19C271CB007E8AFC /* CPTAnimationPeriod.h */,
				FA812B7D19C271CB007E8AFC /* CPTAnnotation.h */,
				FA812B7E19C271CB007E8AFC /* CPTAnnotationHostLayer.h */,
				FA812B7F19C271CB007E8AFC /* CPTAxis.h */,
				FA812B8019C271CB007E8AFC /* CPTAxisLabel.h */,
				FA812B8119C271CB007E8AFC /* CPTAxisLabelGroup.h */,
				FA812B8219C271CB007E8AFC /* CPTAxisSet.h */,
				FA812B8319C271CB007E8AFC /* CPTAxisTitle.h */,
				FA812B8419C271CB007E8AFC /* CPTBarPlot.h */,
				FA812B8519C271CB007E8AFC /* CPTBorderedLayer.h */,
				FA812B8619C271CB007E8AFC /* CPTCalendarFormatter.h */,
				FA812B8719C271CB007E8AFC /* CPTColor.h */,
				FA812B8819C271CB007E8AFC /* CPTColorSpace.h */,
				FA812B8919C271CB007E8AFC /* CPTConstraints.h */,
				FA812B8A19C271CB007E8AFC /* CPTDataSourceTestCase.h */,
				FA812B8B19C271CB007E8AFC /* CPTDefinitions.h */,
				FA812B8C19C271CB007E8AFC /* CPTDerivedXYGraph.h */,
				FA812B8D19C271CB007E8AFC /* CPTExceptions.h */,
				FA812B8E19C271CB007E8AFC /* CPTFill.h */,
				FA812B8F19C271CB007E8AFC /* CPTFunctionDataSource.h */,
				FA812B9019C271CB007E8AFC /* CPTGradient.h */,
				FA812B9119C271CB007E8AFC /* CPTGraph.h */,
				FA812B9219C271CB007E8AFC /* CPTGraphHostingView.h */,
				FA812B9319C271CB007E8AFC /* CPTGridLineGroup.h */,
				FA812B9419C271CB007E8AFC /* CPTGridLines.h */,
				FA812B9519C271CB007E8AFC /* CPTImage.h */,
				FA812B9619C271CB007E8AFC /* CPTLayer.h */,
				FA812B9719C271CB007E8AFC /* CPTLayerAnnotation.h */,
				FA812B9819C271CB007E8AFC /* CPTLegend.h */,
				FA812B9919C271CB007E8AFC /* CPTLegendEntry.h */,
				FA812B9A19C271CB007E8AFC /* CPTLimitBand.h */,
				FA812B9B19C271CB007E8AFC /* CPTLineCap.h */,
				FA812B9C19C271CB007E8AFC /* CPTLineStyle.h */,
				FA812B9D19C271CB007E8AFC /* CPTMutableLineStyle.h */,
				FA812B9E19C271CB007E8AFC /* CPTMutableNumericData+TypeConversion.h */,
				FA812B9F19C271CB007E8AFC /* CPTMutableNumericData.h */,
				FA812BA019C271CB007E8AFC /* CPTMutablePlotRange.h */,
				FA812BA119C271CB007E8AFC /* CPTMutableShadow.h */,
				FA812BA219C271CB007E8AFC /* CPTMutableTextStyle.h */,
				FA812BA319C271CB007E8AFC /* CPTNumericData+TypeConversion.h */,
				FA812BA419C271CB007E8AFC /* CPTNumericData.h */,
				FA812BA519C271CB007E8AFC /* CPTNumericDataType.h */,
				FA812BA619C271CB007E8AFC /* CPTPathExtensions.h */,
				FA812BA719C271CB007E8AFC /* CPTPieChart.h */,
				FA812BA819C271CB007E8AFC /* CPTPlatformSpecificCategories.h */,
				FA812BA919C271CB007E8AFC /* CPTPlatformSpecificDefines.h */,
				FA812BAA19C271CB007E8AFC /* CPTPlatformSpecificFunctions.h */,
				FA812BAB19C271CB007E8AFC /* CPTPlot.h */,
				FA812BAC19C271CB007E8AFC /* CPTPlotArea.h */,
				FA812BAD19C271CB007E8AFC /* CPTPlotAreaFrame.h */,
				FA812BAE19C271CB007E8AFC /* CPTPlotGroup.h */,
				FA812BAF19C271CB007E8AFC /* CPTPlotRange.h */,
				FA812BB019C271CB007E8AFC /* CPTPlotSpace.h */,
				FA812BB119C271CB007E8AFC /* CPTPlotSpaceAnnotation.h */,
				FA812BB219C271CB007E8AFC /* CPTPlotSymbol.h */,
				FA812BB319C271CB007E8AFC /* CPTRangePlot.h */,
				FA812BB419C271CB007E8AFC /* CPTResponder.h */,
				FA812BB519C271CB007E8AFC /* CPTScatterPlot.h */,
				FA812BB619C271CB007E8AFC /* CPTShadow.h */,
				FA812BB719C271CB007E8AFC /* CPTTestCase.h */,
				FA812BB819C271CB007E8AFC /* CPTTextLayer.h */,
				FA812BB919C271CB007E8AFC /* CPTTextStyle.h */,
				FA812BBA19C271CB007E8AFC /* CPTTextStylePlatformSpecific.h */,
				FA812BBB19C271CB007E8AFC /* CPTTheme.h */,
				FA812BBC19C271CB007E8AFC /* CPTTimeFormatter.h */,
				FA812BBD19C271CB007E8AFC /* CPTTradingRangePlot.h */,
				FA812BBE19C271CB007E8AFC /* CPTUtilities.h */,
				FA812BBF19C271CB007E8AFC /* CPTXYAxis.h */,
				FA812BC019C271CB007E8AFC /* CPTXYAxisSet.h */,
				FA812BC119C271CB007E8AFC /* CPTXYGraph.h */,
				FA812BC219C271CB007E8AFC /* CPTXYPlotSpace.h */,
				FA812BC319C271CB007E8AFC /* mainpage.h */,
				FA812BC419C271CB007E8AFC /* NSCoderExtensions.h */,
				FA812BC519C271CB007E8AFC /* NSDecimalNumberExtensions.h */,
				FA812BC619C271CB007E8AFC /* NSNumberExtensions.h */,
			);
			path = CorePlotHeaders;
			sourceTree = "<group>";
		};
		FAAE15BC19C266F500280D1A = {
			isa = PBXGroup;
			children = (
				FAAE15CE19C266F500280D1A /* Badges */,
				FAAE15E719C266F500280D1A /* BadgesTests */,
				FAAE15C719C266F500280D1A /* Frameworks */,
				FAAE15C619C266F500280D1A /* Products */,
			);
			sourceTree = "<group>";
		};
		FAAE15C619C266F500280D1A /* Products */ = {
			isa = PBXGroup;
			children = (
				FAAE15C519C266F500280D1A /* Badges.app */,
				FAAE15E019C266F500280D1A /* BadgesTests.xctest */,
			);
			name = Products;
			sourceTree = "<group>";
		};
		FAAE15C719C266F500280D1A /* Frameworks */ = {
			isa = PBXGroup;
			children = (
				FAAE167719C26A0900280D1A /* Accelerate.framework */,
				FAAE167519C269E700280D1A /* QuartzCore.framework */,
				FAAE162419C268EF00280D1A /* libCorePlot-CocoaTouch.a */,
				FAAE15C819C266F500280D1A /* Foundation.framework */,
				FAAE15CA19C266F500280D1A /* CoreGraphics.framework */,
				FAAE15CC19C266F500280D1A /* UIKit.framework */,
				FAAE15E119C266F500280D1A /* XCTest.framework */,
			);
			name = Frameworks;
			sourceTree = "<group>";
		};
		FAAE15CE19C266F500280D1A /* Badges */ = {
			isa = PBXGroup;
			children = (
				FAAE15D719C266F500280D1A /* AKBAppDelegate.h */,
				FAAE15D819C266F500280D1A /* AKBAppDelegate.m */,
				FAAE160619C267C500280D1A /* Controllers */,
				FAAE161919C2680000280D1A /* Views */,
				FAAE161A19C2683600280D1A /* Models */,
				FAAE15DA19C266F500280D1A /* Images.xcassets */,
				FAAE15CF19C266F500280D1A /* Supporting Files */,
				FA812B7819C271CB007E8AFC /* CorePlotHeaders */,
			);
			path = Badges;
			sourceTree = "<group>";
		};
		FAAE15CF19C266F500280D1A /* Supporting Files */ = {
			isa = PBXGroup;
			children = (
				FAAE15D019C266F500280D1A /* Badges-Info.plist */,
				FAAE15D119C266F500280D1A /* InfoPlist.strings */,
				FAAE15D419C266F500280D1A /* main.m */,
				FAAE15D619C266F500280D1A /* Badges-Prefix.pch */,
			);
			name = "Supporting Files";
			sourceTree = "<group>";
		};
		FAAE15E719C266F500280D1A /* BadgesTests */ = {
			isa = PBXGroup;
			children = (
				FAAE15ED19C266F500280D1A /* BadgesTests.m */,
				FAAE15E819C266F500280D1A /* Supporting Files */,
			);
			path = BadgesTests;
			sourceTree = "<group>";
		};
		FAAE15E819C266F500280D1A /* Supporting Files */ = {
			isa = PBXGroup;
			children = (
				FAAE15E919C266F500280D1A /* BadgesTests-Info.plist */,
				FAAE15EA19C266F500280D1A /* InfoPlist.strings */,
			);
			name = "Supporting Files";
			sourceTree = "<group>";
		};
		FAAE160619C267C500280D1A /* Controllers */ = {
			isa = PBXGroup;
			children = (
				FAAE15F719C267B700280D1A /* AKBRootViewController.h */,
				FAAE15F819C267B700280D1A /* AKBRootViewController.m */,
				FAAE15F919C267B700280D1A /* AKBBadgeDetailsViewController.h */,
				FAAE15FA19C267B700280D1A /* AKBBadgeDetailsViewController.m */,
				FAAE15FB19C267B700280D1A /* AKBGraphViewController.h */,
				FAAE15FC19C267B700280D1A /* AKBGraphViewController.m */,
				FAAE15FD19C267B700280D1A /* AKBBarGraphChildController.h */,
				FAAE15FE19C267B700280D1A /* AKBBarGraphChildController.m */,
				FAAE15FF19C267B700280D1A /* AKBScatterGraphChildController.h */,
				FAAE160019C267B700280D1A /* AKBScatterGraphChildController.m */,
			);
			name = Controllers;
			sourceTree = "<group>";
		};
		FAAE161919C2680000280D1A /* Views */ = {
			isa = PBXGroup;
			children = (
				FAAE160719C267F900280D1A /* AKBHorizontalScroller.h */,
				FAAE160819C267F900280D1A /* AKBHorizontalScroller.m */,
				FAAE160919C267F900280D1A /* AKBContainerView.h */,
				FAAE160A19C267F900280D1A /* AKBContainerView.m */,
				FAAE160B19C267F900280D1A /* AKBBadgeView.h */,
				FAAE160C19C267F900280D1A /* AKBBadgeView.m */,
				FAAE160D19C267F900280D1A /* AKBChainView.h */,
				FAAE160E19C267F900280D1A /* AKBChainView.m */,
				FAAE160F19C267F900280D1A /* AKBActiveDayControl.h */,
				FAAE161019C267F900280D1A /* AKBActiveDayControl.m */,
				FAAE161119C267F900280D1A /* AKBBackgroundView.h */,
				FAAE161219C267F900280D1A /* AKBBackgroundView.m */,
			);
			name = Views;
			sourceTree = "<group>";
		};
		FAAE161A19C2683600280D1A /* Models */ = {
			isa = PBXGroup;
			children = (
				FAAE161B19C2684700280D1A /* AKBDataManager.h */,
				FAAE161C19C2684700280D1A /* AKBDataManager.m */,
				FAAE161D19C2684700280D1A /* AKBBadge.h */,
				FAAE161E19C2684700280D1A /* AKBBadge.m */,
				FAAE161F19C2684700280D1A /* AKBDay.h */,
				FAAE162019C2684700280D1A /* AKBDay.m */,
			);
			name = Models;
			sourceTree = "<group>";
		};
/* End PBXGroup section */

/* Begin PBXNativeTarget section */
		FAAE15C419C266F500280D1A /* Badges */ = {
			isa = PBXNativeTarget;
			buildConfigurationList = FAAE15F119C266F500280D1A /* Build configuration list for PBXNativeTarget "Badges" */;
			buildPhases = (
				FAAE15C119C266F500280D1A /* Sources */,
				FAAE15C219C266F500280D1A /* Frameworks */,
				FAAE15C319C266F500280D1A /* Resources */,
			);
			buildRules = (
			);
			dependencies = (
			);
			name = Badges;
			productName = Badges;
			productReference = FAAE15C519C266F500280D1A /* Badges.app */;
			productType = "com.apple.product-type.application";
		};
		FAAE15DF19C266F500280D1A /* BadgesTests */ = {
			isa = PBXNativeTarget;
			buildConfigurationList = FAAE15F419C266F500280D1A /* Build configuration list for PBXNativeTarget "BadgesTests" */;
			buildPhases = (
				FAAE15DC19C266F500280D1A /* Sources */,
				FAAE15DD19C266F500280D1A /* Frameworks */,
				FAAE15DE19C266F500280D1A /* Resources */,
			);
			buildRules = (
			);
			dependencies = (
				FAAE15E619C266F500280D1A /* PBXTargetDependency */,
			);
			name = BadgesTests;
			productName = BadgesTests;
			productReference = FAAE15E019C266F500280D1A /* BadgesTests.xctest */;
			productType = "com.apple.product-type.bundle.unit-test";
		};
/* End PBXNativeTarget section */

/* Begin PBXProject section */
		FAAE15BD19C266F500280D1A /* Project object */ = {
			isa = PBXProject;
			attributes = {
				CLASSPREFIX = AKB;
				LastUpgradeCheck = 0510;
				ORGANIZATIONNAME = "Alex M. Kliger";
				TargetAttributes = {
					FAAE15DF19C266F500280D1A = {
						TestTargetID = FAAE15C419C266F500280D1A;
					};
				};
			};
			buildConfigurationList = FAAE15C019C266F500280D1A /* Build configuration list for PBXProject "Badges" */;
			compatibilityVersion = "Xcode 3.2";
			developmentRegion = English;
			hasScannedForEncodings = 0;
			knownRegions = (
				en,
			);
			mainGroup = FAAE15BC19C266F500280D1A;
			productRefGroup = FAAE15C619C266F500280D1A /* Products */;
			projectDirPath = "";
			projectRoot = "";
			targets = (
				FAAE15C419C266F500280D1A /* Badges */,
				FAAE15DF19C266F500280D1A /* BadgesTests */,
			);
		};
/* End PBXProject section */

/* Begin PBXResourcesBuildPhase section */
		FAAE15C319C266F500280D1A /* Resources */ = {
			isa = PBXResourcesBuildPhase;
			buildActionMask = 2147483647;
			files = (
				FAAE15D319C266F500280D1A /* InfoPlist.strings in Resources */,
				FAAE15DB19C266F500280D1A /* Images.xcassets in Resources */,
			);
			runOnlyForDeploymentPostprocessing = 0;
		};
		FAAE15DE19C266F500280D1A /* Resources */ = {
			isa = PBXResourcesBuildPhase;
			buildActionMask = 2147483647;
			files = (
				FAAE15EC19C266F500280D1A /* InfoPlist.strings in Resources */,
			);
			runOnlyForDeploymentPostprocessing = 0;
		};
/* End PBXResourcesBuildPhase section */

/* Begin PBXSourcesBuildPhase section */
		FAAE15C119C266F500280D1A /* Sources */ = {
			isa = PBXSourcesBuildPhase;
			buildActionMask = 2147483647;
			files = (
				FAAE161719C267F900280D1A /* AKBActiveDayControl.m in Sources */,
				FAAE162219C2684700280D1A /* AKBBadge.m in Sources */,
				FAAE161819C267F900280D1A /* AKBBackgroundView.m in Sources */,
				FAAE160519C267B700280D1A /* AKBScatterGraphChildController.m in Sources */,
				FAAE160119C267B700280D1A /* AKBRootViewController.m in Sources */,
				FAAE161619C267F900280D1A /* AKBChainView.m in Sources */,
				FAAE162319C2684700280D1A /* AKBDay.m in Sources */,
				FAAE162119C2684700280D1A /* AKBDataManager.m in Sources */,
				FAAE160419C267B700280D1A /* AKBBarGraphChildController.m in Sources */,
				FAAE15D519C266F500280D1A /* main.m in Sources */,
				FAAE15D919C266F500280D1A /* AKBAppDelegate.m in Sources */,
				FAAE160319C267B700280D1A /* AKBGraphViewController.m in Sources */,
				FAAE161519C267F900280D1A /* AKBBadgeView.m in Sources */,
				FAAE161419C267F900280D1A /* AKBContainerView.m in Sources */,
				FAAE160219C267B700280D1A /* AKBBadgeDetailsViewController.m in Sources */,
				FAAE161319C267F900280D1A /* AKBHorizontalScroller.m in Sources */,
			);
			runOnlyForDeploymentPostprocessing = 0;
		};
		FAAE15DC19C266F500280D1A /* Sources */ = {
			isa = PBXSourcesBuildPhase;
			buildActionMask = 2147483647;
			files = (
				FAAE15EE19C266F500280D1A /* BadgesTests.m in Sources */,
			);
			runOnlyForDeploymentPostprocessing = 0;
		};
/* End PBXSourcesBuildPhase section */

/* Begin PBXTargetDependency section */
		FAAE15E619C266F500280D1A /* PBXTargetDependency */ = {
			isa = PBXTargetDependency;
			target = FAAE15C419C266F500280D1A /* Badges */;
			targetProxy = FAAE15E519C266F500280D1A /* PBXContainerItemProxy */;
		};
/* End PBXTargetDependency section */

/* Begin PBXVariantGroup section */
		FAAE15D119C266F500280D1A /* InfoPlist.strings */ = {
			isa = PBXVariantGroup;
			children = (
				FAAE15D219C266F500280D1A /* en */,
			);
			name = InfoPlist.strings;
			sourceTree = "<group>";
		};
		FAAE15EA19C266F500280D1A /* InfoPlist.strings */ = {
			isa = PBXVariantGroup;
			children = (
				FAAE15EB19C266F500280D1A /* en */,
			);
			name = InfoPlist.strings;
			sourceTree = "<group>";
		};
/* End PBXVariantGroup section */

/* Begin XCBuildConfiguration section */
		FAAE15EF19C266F500280D1A /* Debug */ = {
			isa = XCBuildConfiguration;
			buildSettings = {
				ALWAYS_SEARCH_USER_PATHS = NO;
				CLANG_CXX_LANGUAGE_STANDARD = "gnu++0x";
				CLANG_CXX_LIBRARY = "libc++";
				CLANG_ENABLE_MODULES = YES;
				CLANG_ENABLE_OBJC_ARC = YES;
				CLANG_WARN_BOOL_CONVERSION = YES;
				CLANG_WARN_CONSTANT_CONVERSION = YES;
				CLANG_WARN_DIRECT_OBJC_ISA_USAGE = YES_ERROR;
				CLANG_WARN_EMPTY_BODY = YES;
				CLANG_WARN_ENUM_CONVERSION = YES;
				CLANG_WARN_INT_CONVERSION = YES;
				CLANG_WARN_OBJC_ROOT_CLASS = YES_ERROR;
				CLANG_WARN__DUPLICATE_METHOD_MATCH = YES;
				"CODE_SIGN_IDENTITY[sdk=iphoneos*]" = "iPhone Developer";
				COPY_PHASE_STRIP = NO;
				GCC_C_LANGUAGE_STANDARD = gnu99;
				GCC_DYNAMIC_NO_PIC = NO;
				GCC_OPTIMIZATION_LEVEL = 0;
				GCC_PREPROCESSOR_DEFINITIONS = (
					"DEBUG=1",
					"$(inherited)",
				);
				GCC_SYMBOLS_PRIVATE_EXTERN = NO;
				GCC_WARN_64_TO_32_BIT_CONVERSION = YES;
				GCC_WARN_ABOUT_RETURN_TYPE = YES_ERROR;
				GCC_WARN_UNDECLARED_SELECTOR = YES;
				GCC_WARN_UNINITIALIZED_AUTOS = YES_AGGRESSIVE;
				GCC_WARN_UNUSED_FUNCTION = YES;
				GCC_WARN_UNUSED_VARIABLE = YES;
				IPHONEOS_DEPLOYMENT_TARGET = 7.1;
				ONLY_ACTIVE_ARCH = YES;
				SDKROOT = iphoneos;
			};
			name = Debug;
		};
		FAAE15F019C266F500280D1A /* Release */ = {
			isa = XCBuildConfiguration;
			buildSettings = {
				ALWAYS_SEARCH_USER_PATHS = NO;
				CLANG_CXX_LANGUAGE_STANDARD = "gnu++0x";
				CLANG_CXX_LIBRARY = "libc++";
				CLANG_ENABLE_MODULES = YES;
				CLANG_ENABLE_OBJC_ARC = YES;
				CLANG_WARN_BOOL_CONVERSION = YES;
				CLANG_WARN_CONSTANT_CONVERSION = YES;
				CLANG_WARN_DIRECT_OBJC_ISA_USAGE = YES_ERROR;
				CLANG_WARN_EMPTY_BODY = YES;
				CLANG_WARN_ENUM_CONVERSION = YES;
				CLANG_WARN_INT_CONVERSION = YES;
				CLANG_WARN_OBJC_ROOT_CLASS = YES_ERROR;
				CLANG_WARN__DUPLICATE_METHOD_MATCH = YES;
				"CODE_SIGN_IDENTITY[sdk=iphoneos*]" = "iPhone Developer";
				COPY_PHASE_STRIP = YES;
				ENABLE_NS_ASSERTIONS = NO;
				GCC_C_LANGUAGE_STANDARD = gnu99;
				GCC_WARN_64_TO_32_BIT_CONVERSION = YES;
				GCC_WARN_ABOUT_RETURN_TYPE = YES_ERROR;
				GCC_WARN_UNDECLARED_SELECTOR = YES;
				GCC_WARN_UNINITIALIZED_AUTOS = YES_AGGRESSIVE;
				GCC_WARN_UNUSED_FUNCTION = YES;
				GCC_WARN_UNUSED_VARIABLE = YES;
				IPHONEOS_DEPLOYMENT_TARGET = 7.1;
				SDKROOT = iphoneos;
				VALIDATE_PRODUCT = YES;
			};
			name = Release;
		};
		FAAE15F219C266F500280D1A /* Debug */ = {
			isa = XCBuildConfiguration;
			buildSettings = {
				ASSETCATALOG_COMPILER_APPICON_NAME = AppIcon;
				ASSETCATALOG_COMPILER_LAUNCHIMAGE_NAME = LaunchImage;
				GCC_PRECOMPILE_PREFIX_HEADER = YES;
				GCC_PREFIX_HEADER = "Badges/Badges-Prefix.pch";
				INFOPLIST_FILE = "Badges/Badges-Info.plist";
				LIBRARY_SEARCH_PATHS = (
					"$(inherited)",
					"$(PROJECT_DIR)",
				);
				OTHER_LDFLAGS = "-ObjC";
				PRODUCT_NAME = "$(TARGET_NAME)";
				WRAPPER_EXTENSION = app;
			};
			name = Debug;
		};
		FAAE15F319C266F500280D1A /* Release */ = {
			isa = XCBuildConfiguration;
			buildSettings = {
				ASSETCATALOG_COMPILER_APPICON_NAME = AppIcon;
				ASSETCATALOG_COMPILER_LAUNCHIMAGE_NAME = LaunchImage;
				GCC_PRECOMPILE_PREFIX_HEADER = YES;
				GCC_PREFIX_HEADER = "Badges/Badges-Prefix.pch";
				INFOPLIST_FILE = "Badges/Badges-Info.plist";
				LIBRARY_SEARCH_PATHS = (
					"$(inherited)",
					"$(PROJECT_DIR)",
				);
				OTHER_LDFLAGS = "-ObjC";
				PRODUCT_NAME = "$(TARGET_NAME)";
				WRAPPER_EXTENSION = app;
			};
			name = Release;
		};
		FAAE15F519C266F500280D1A /* Debug */ = {
			isa = XCBuildConfiguration;
			buildSettings = {
				BUNDLE_LOADER = "$(BUILT_PRODUCTS_DIR)/Badges.app/Badges";
				FRAMEWORK_SEARCH_PATHS = (
					"$(SDKROOT)/Developer/Library/Frameworks",
					"$(inherited)",
					"$(DEVELOPER_FRAMEWORKS_DIR)",
				);
				GCC_PRECOMPILE_PREFIX_HEADER = YES;
				GCC_PREFIX_HEADER = "Badges/Badges-Prefix.pch";
				GCC_PREPROCESSOR_DEFINITIONS = (
					"DEBUG=1",
					"$(inherited)",
				);
				INFOPLIST_FILE = "BadgesTests/BadgesTests-Info.plist";
				PRODUCT_NAME = "$(TARGET_NAME)";
				TEST_HOST = "$(BUNDLE_LOADER)";
				WRAPPER_EXTENSION = xctest;
			};
			name = Debug;
		};
		FAAE15F619C266F500280D1A /* Release */ = {
			isa = XCBuildConfiguration;
			buildSettings = {
				BUNDLE_LOADER = "$(BUILT_PRODUCTS_DIR)/Badges.app/Badges";
				FRAMEWORK_SEARCH_PATHS = (
					"$(SDKROOT)/Developer/Library/Frameworks",
					"$(inherited)",
					"$(DEVELOPER_FRAMEWORKS_DIR)",
				);
				GCC_PRECOMPILE_PREFIX_HEADER = YES;
				GCC_PREFIX_HEADER = "Badges/Badges-Prefix.pch";
				INFOPLIST_FILE = "BadgesTests/BadgesTests-Info.plist";
				PRODUCT_NAME = "$(TARGET_NAME)";
				TEST_HOST = "$(BUNDLE_LOADER)";
				WRAPPER_EXTENSION = xctest;
			};
			name = Release;
		};
/* End XCBuildConfiguration section */

/* Begin XCConfigurationList section */
		FAAE15C019C266F500280D1A /* Build configuration list for PBXProject "Badges" */ = {
			isa = XCConfigurationList;
			buildConfigurations = (
				FAAE15EF19C266F500280D1A /* Debug */,
				FAAE15F019C266F500280D1A /* Release */,
			);
			defaultConfigurationIsVisible = 0;
			defaultConfigurationName = Release;
		};
		FAAE15F119C266F500280D1A /* Build configuration list for PBXNativeTarget "Badges" */ = {
			isa = XCConfigurationList;
			buildConfigurations = (
				FAAE15F219C266F500280D1A /* Debug */,
				FAAE15F319C266F500280D1A /* Release */,
			);
			defaultConfigurationIsVisible = 0;
			defaultConfigurationName = Release;
		};
		FAAE15F419C266F500280D1A /* Build configuration list for PBXNativeTarget "BadgesTests" */ = {
			isa = XCConfigurationList;
			buildConfigurations = (
				FAAE15F519C266F500280D1A /* Debug */,
				FAAE15F619C266F500280D1A /* Release */,
			);
			defaultConfigurationIsVisible = 0;
			defaultConfigurationName = Release;
		};
/* End XCConfigurationList section */
	};
	rootObject = FAAE15BD19C266F500280D1A /* Project object */;
}
